
Microsoft Visual Studio Solution File, Format Version 12.00
# Visual Studio 2013
VisualStudioVersion = 12.0.21005.1
MinimumVisualStudioVersion = 10.0.40219.1
Project("{FAE04EC0-301F-11D3-BF4B-00C04F79EFBC}") = "OdeToFood", "OdeToFood\OdeToFood.csproj", "{42E0229D-A4C0-4725-BFDD-983FECF9FDFC}"
EndProject
Project("{FAE04EC0-301F-11D3-BF4B-00C04F79EFBC}") = "OdeToFood.Tests", "OdeToFood.Tests\OdeToFood.Tests.csproj", "{93DBCBB3-5536-455D-A0F3-C8EC7CD5EAFB}"
EndProject
Global
	GlobalSection(SolutionConfigurationPlatforms) = preSolution
		Debug|Any CPU = Debug|Any CPU
		Release|Any CPU = Release|Any CPU
	EndGlobalSection
	GlobalSection(ProjectConfigurationPlatforms) = postSolution
		{42E0229D-A4C0-4725-BFDD-983FECF9FDFC}.Debug|Any CPU.ActiveCfg = Debug|Any CPU
		{42E0229D-A4C0-4725-BFDD-983FECF9FDFC}.Debug|Any CPU.Build.0 = Debug|Any CPU
		{42E0229D-A4C0-4725-BFDD-983FECF9FDFC}.Release|Any CPU.ActiveCfg = Release|Any CPU
		{42E0229D-A4C0-4725-BFDD-983FECF9FDFC}.Release|Any CPU.Build.0 = Release|Any CPU
		{93DBCBB3-5536-455D-A0F3-C8EC7CD5EAFB}.Debug|Any CPU.ActiveCfg = Debug|Any CPU
		{93DBCBB3-5536-455D-A0F3-C8EC7CD5EAFB}.Debug|Any CPU.Build.0 = Debug|Any CPU
		{93DBCBB3-5536-455D-A0F3-C8EC7CD5EAFB}.Release|Any CPU.ActiveCfg = Release|Any CPU
		{93DBCBB3-5536-455D-A0F3-C8EC7CD5EAFB}.Release|Any CPU.Build.0 = Release|Any CPU
	EndGlobalSection
	GlobalSection(SolutionProperties) = preSolution
		HideSolutionNode = FALSE
	EndGlobalSection
EndGlobal
